
Microsoft Visual Studio Solution File, Format Version 12.00
# Visual Studio 2015
Project("{FAE04EC0-301F-11D3-BF4B-00C04F79EFBC}") = "daVinci.CSharp", "daVinci.CSharp.csproj", "{47BD8208-7BCC-9FF7-DAAF-97BF9E7E212B}"
EndProject
Global
	GlobalSection(SolutionConfigurationPlatforms) = preSolution
		Debug|Any CPU = Debug|Any CPU
		Release|Any CPU = Release|Any CPU
	EndGlobalSection
	GlobalSection(ProjectConfigurationPlatforms) = postSolution
		{47BD8208-7BCC-9FF7-DAAF-97BF9E7E212B}.Debug|Any CPU.ActiveCfg = Debug|Any CPU
		{47BD8208-7BCC-9FF7-DAAF-97BF9E7E212B}.Debug|Any CPU.Build.0 = Debug|Any CPU
		{47BD8208-7BCC-9FF7-DAAF-97BF9E7E212B}.Release|Any CPU.ActiveCfg = Release|Any CPU
		{47BD8208-7BCC-9FF7-DAAF-97BF9E7E212B}.Release|Any CPU.Build.0 = Release|Any CPU
	EndGlobalSection
	GlobalSection(SolutionProperties) = preSolution
		HideSolutionNode = FALSE
	EndGlobalSection
EndGlobal
